
Microsoft Visual Studio Solution File, Format Version 12.00
# Visual Studio 15
VisualStudioVersion = 15.0.28307.902
MinimumVisualStudioVersion = 10.0.40219.1
Project("{8BC9CEB8-8B4A-11D0-8D11-00A0C91BC942}") = "xmodem", "xmodem\xmodem.vcxproj", "{EC45F59C-6790-4987-B990-EC637F87691C}"
EndProject
Global
	GlobalSection(SolutionConfigurationPlatforms) = preSolution
		Debug|x64 = Debug|x64
		Debug|x86 = Debug|x86
		Release|x64 = Release|x64
		Release|x86 = Release|x86
	EndGlobalSection
	GlobalSection(ProjectConfigurationPlatforms) = postSolution
		{EC45F59C-6790-4987-B990-EC637F87691C}.Debug|x64.ActiveCfg = Debug|x64
		{EC45F59C-6790-4987-B990-EC637F87691C}.Debug|x64.Build.0 = Debug|x64
		{EC45F59C-6790-4987-B990-EC637F87691C}.Debug|x86.ActiveCfg = Debug|Win32
		{EC45F59C-6790-4987-B990-EC637F87691C}.Debug|x86.Build.0 = Debug|Win32
		{EC45F59C-6790-4987-B990-EC637F87691C}.Release|x64.ActiveCfg = Release|x64
		{EC45F59C-6790-4987-B990-EC637F87691C}.Release|x64.Build.0 = Release|x64
		{EC45F59C-6790-4987-B990-EC637F87691C}.Release|x86.ActiveCfg = Release|Win32
		{EC45F59C-6790-4987-B990-EC637F87691C}.Release|x86.Build.0 = Release|Win32
	EndGlobalSection
	GlobalSection(SolutionProperties) = preSolution
		HideSolutionNode = FALSE
	EndGlobalSection
	GlobalSection(ExtensibilityGlobals) = postSolution
		SolutionGuid = {0EC91E63-EC42-4319-9623-D6993EBB2B4A}
	EndGlobalSection
EndGlobal
